
Microsoft Visual Studio Solution File, Format Version 12.00
# Visual Studio Version 16
VisualStudioVersion = 16.0.30204.135
MinimumVisualStudioVersion = 10.0.40219.1
Project("{FAE04EC0-301F-11D3-BF4B-00C04F79EFBC}") = "encriptlogin", "encriptlogin\encriptlogin.csproj", "{29EDDCD6-DC5C-4563-9604-7C099C75C3BF}"
EndProject
Global
	GlobalSection(SolutionConfigurationPlatforms) = preSolution
		Debug|Any CPU = Debug|Any CPU
		Release|Any CPU = Release|Any CPU
	EndGlobalSection
	GlobalSection(ProjectConfigurationPlatforms) = postSolution
		{29EDDCD6-DC5C-4563-9604-7C099C75C3BF}.Debug|Any CPU.ActiveCfg = Debug|Any CPU
		{29EDDCD6-DC5C-4563-9604-7C099C75C3BF}.Debug|Any CPU.Build.0 = Debug|Any CPU
		{29EDDCD6-DC5C-4563-9604-7C099C75C3BF}.Release|Any CPU.ActiveCfg = Release|Any CPU
		{29EDDCD6-DC5C-4563-9604-7C099C75C3BF}.Release|Any CPU.Build.0 = Release|Any CPU
	EndGlobalSection
	GlobalSection(SolutionProperties) = preSolution
		HideSolutionNode = FALSE
	EndGlobalSection
	GlobalSection(ExtensibilityGlobals) = postSolution
		SolutionGuid = {7F8F8845-83E8-4651-A635-272E2B960E7F}
	EndGlobalSection
EndGlobal
